
Microsoft Visual Studio Solution File, Format Version 12.00
# Visual Studio Version 17
VisualStudioVersion = 17.5.2.0
MinimumVisualStudioVersion = 10.0.40219.1
Project("{FAE04EC0-301F-11D3-BF4B-00C04F79EFBC}") = "Kaleidoscope", "Kaleidoscope\Kaleidoscope.csproj", "{5B070354-2AF7-B56F-7D3E-70321420D71C}"
EndProject
Project("{FAE04EC0-301F-11D3-BF4B-00C04F79EFBC}") = "CriticalCommonLib", "CriticalCommonLib\CriticalCommonLib.csproj", "{147BCA72-EC44-445A-B4CB-9E9A6AB53271}"
EndProject
Project("{FAE04EC0-301F-11D3-BF4B-00C04F79EFBC}") = "OtterGui", "OtterGui\OtterGui.csproj", "{EF5E7C81-FC3B-40BA-9F0A-75298DA30E7C}"
EndProject
Project("{2150E333-8FDC-42A3-9474-1A3956D46DE8}") = "ECommons", "ECommons", "{ACE270F1-DC65-91C1-FA8C-077C010B6ECE}"
EndProject
Project("{FAE04EC0-301F-11D3-BF4B-00C04F79EFBC}") = "ECommons", "ECommons\ECommons\ECommons.csproj", "{0B6BF191-A230-4A1E-9083-70B8BE970AC8}"
EndProject
Global
	GlobalSection(SolutionConfigurationPlatforms) = preSolution
		Debug|Any CPU = Debug|Any CPU
		Debug|x64 = Debug|x64
		Debug|x86 = Debug|x86
		Release|Any CPU = Release|Any CPU
		Release|x64 = Release|x64
		Release|x86 = Release|x86
	EndGlobalSection
	GlobalSection(ProjectConfigurationPlatforms) = postSolution
		{5B070354-2AF7-B56F-7D3E-70321420D71C}.Debug|Any CPU.ActiveCfg = Debug|Any CPU
		{5B070354-2AF7-B56F-7D3E-70321420D71C}.Debug|Any CPU.Build.0 = Debug|Any CPU
		{5B070354-2AF7-B56F-7D3E-70321420D71C}.Debug|x64.ActiveCfg = Debug|Any CPU
		{5B070354-2AF7-B56F-7D3E-70321420D71C}.Debug|x64.Build.0 = Debug|Any CPU
		{5B070354-2AF7-B56F-7D3E-70321420D71C}.Debug|x86.ActiveCfg = Debug|Any CPU
		{5B070354-2AF7-B56F-7D3E-70321420D71C}.Debug|x86.Build.0 = Debug|Any CPU
		{5B070354-2AF7-B56F-7D3E-70321420D71C}.Release|Any CPU.ActiveCfg = Release|Any CPU
		{5B070354-2AF7-B56F-7D3E-70321420D71C}.Release|Any CPU.Build.0 = Release|Any CPU
		{5B070354-2AF7-B56F-7D3E-70321420D71C}.Release|x64.ActiveCfg = Release|Any CPU
		{5B070354-2AF7-B56F-7D3E-70321420D71C}.Release|x64.Build.0 = Release|Any CPU
		{5B070354-2AF7-B56F-7D3E-70321420D71C}.Release|x86.ActiveCfg = Release|Any CPU
		{5B070354-2AF7-B56F-7D3E-70321420D71C}.Release|x86.Build.0 = Release|Any CPU
		{147BCA72-EC44-445A-B4CB-9E9A6AB53271}.Debug|Any CPU.ActiveCfg = Debug|x64
		{147BCA72-EC44-445A-B4CB-9E9A6AB53271}.Debug|Any CPU.Build.0 = Debug|x64
		{147BCA72-EC44-445A-B4CB-9E9A6AB53271}.Debug|x64.ActiveCfg = Debug|x64
		{147BCA72-EC44-445A-B4CB-9E9A6AB53271}.Debug|x64.Build.0 = Debug|x64
		{147BCA72-EC44-445A-B4CB-9E9A6AB53271}.Debug|x86.ActiveCfg = Debug|x64
		{147BCA72-EC44-445A-B4CB-9E9A6AB53271}.Debug|x86.Build.0 = Debug|x64
		{147BCA72-EC44-445A-B4CB-9E9A6AB53271}.Release|Any CPU.ActiveCfg = Release|x64
		{147BCA72-EC44-445A-B4CB-9E9A6AB53271}.Release|Any CPU.Build.0 = Release|x64
		{147BCA72-EC44-445A-B4CB-9E9A6AB53271}.Release|x64.ActiveCfg = Release|x64
		{147BCA72-EC44-445A-B4CB-9E9A6AB53271}.Release|x64.Build.0 = Release|x64
		{147BCA72-EC44-445A-B4CB-9E9A6AB53271}.Release|x86.ActiveCfg = Release|x64
		{147BCA72-EC44-445A-B4CB-9E9A6AB53271}.Release|x86.Build.0 = Release|x64
		{EF5E7C81-FC3B-40BA-9F0A-75298DA30E7C}.Debug|Any CPU.ActiveCfg = Debug|x64
		{EF5E7C81-FC3B-40BA-9F0A-75298DA30E7C}.Debug|Any CPU.Build.0 = Debug|x64
		{EF5E7C81-FC3B-40BA-9F0A-75298DA30E7C}.Debug|x64.ActiveCfg = Debug|x64
		{EF5E7C81-FC3B-40BA-9F0A-75298DA30E7C}.Debug|x64.Build.0 = Debug|x64
		{EF5E7C81-FC3B-40BA-9F0A-75298DA30E7C}.Debug|x86.ActiveCfg = Debug|x64
		{EF5E7C81-FC3B-40BA-9F0A-75298DA30E7C}.Debug|x86.Build.0 = Debug|x64
		{EF5E7C81-FC3B-40BA-9F0A-75298DA30E7C}.Release|Any CPU.ActiveCfg = Release|x64
		{EF5E7C81-FC3B-40BA-9F0A-75298DA30E7C}.Release|Any CPU.Build.0 = Release|x64
		{EF5E7C81-FC3B-40BA-9F0A-75298DA30E7C}.Release|x64.ActiveCfg = Release|x64
		{EF5E7C81-FC3B-40BA-9F0A-75298DA30E7C}.Release|x64.Build.0 = Release|x64
		{EF5E7C81-FC3B-40BA-9F0A-75298DA30E7C}.Release|x86.ActiveCfg = Release|x64
		{EF5E7C81-FC3B-40BA-9F0A-75298DA30E7C}.Release|x86.Build.0 = Release|x64
		{0B6BF191-A230-4A1E-9083-70B8BE970AC8}.Debug|Any CPU.ActiveCfg = Debug|x64
		{0B6BF191-A230-4A1E-9083-70B8BE970AC8}.Debug|Any CPU.Build.0 = Debug|x64
		{0B6BF191-A230-4A1E-9083-70B8BE970AC8}.Debug|x64.ActiveCfg = Debug|x64
		{0B6BF191-A230-4A1E-9083-70B8BE970AC8}.Debug|x64.Build.0 = Debug|x64
		{0B6BF191-A230-4A1E-9083-70B8BE970AC8}.Debug|x86.ActiveCfg = Debug|x64
		{0B6BF191-A230-4A1E-9083-70B8BE970AC8}.Debug|x86.Build.0 = Debug|x64
		{0B6BF191-A230-4A1E-9083-70B8BE970AC8}.Release|Any CPU.ActiveCfg = Release|x64
		{0B6BF191-A230-4A1E-9083-70B8BE970AC8}.Release|Any CPU.Build.0 = Release|x64
		{0B6BF191-A230-4A1E-9083-70B8BE970AC8}.Release|x64.ActiveCfg = Release|x64
		{0B6BF191-A230-4A1E-9083-70B8BE970AC8}.Release|x64.Build.0 = Release|x64
		{0B6BF191-A230-4A1E-9083-70B8BE970AC8}.Release|x86.ActiveCfg = Release|x64
		{0B6BF191-A230-4A1E-9083-70B8BE970AC8}.Release|x86.Build.0 = Release|x64
	EndGlobalSection
	GlobalSection(SolutionProperties) = preSolution
		HideSolutionNode = FALSE
	EndGlobalSection
	GlobalSection(NestedProjects) = preSolution
		{0B6BF191-A230-4A1E-9083-70B8BE970AC8} = {ACE270F1-DC65-91C1-FA8C-077C010B6ECE}
	EndGlobalSection
	GlobalSection(ExtensibilityGlobals) = postSolution
		SolutionGuid = {59C76105-ADF0-4AAA-8060-B3F8DF1D0BEA}
	EndGlobalSection
EndGlobal
